{
  "name": "@nonphoto/bloom",
  "version": "1.0.8",
  "lockfileVersion": 2,
  "requires": true,
  "packages": {
    "": {
      "name": "@nonphoto/bloom",
      "version": "1.0.8",
      "license": "MIT",
      "dependencies": {
        "lodash.kebabcase": "^4.1.1"
      },
      "peerDependencies": {
        "s-js": "^0.4.9"
      }
    },
    "node_modules/lodash.kebabcase": {
      "version": "4.1.1",
      "resolved": "https://registry.npmjs.org/lodash.kebabcase/-/lodash.kebabcase-4.1.1.tgz",
      "integrity": "sha1-hImxyw0p/4gZXM7KRI/21swpXDY="
    },
    "node_modules/s-js": {
      "version": "0.4.9",
      "resolved": "https://registry.npmjs.org/s-js/-/s-js-0.4.9.tgz",
      "integrity": "sha512-RtpOm+cM6O0sHg6IA70wH+UC3FZcND+rccBZpBAHzlUgNO2Bm5BN+FnM8+OBxzXdwpKWFwX11JGF0MFRkhSoIQ==",
      "peer": true
    }
  },
  "dependencies": {
    "lodash.kebabcase": {
      "version": "4.1.1",
      "resolved": "https://registry.npmjs.org/lodash.kebabcase/-/lodash.kebabcase-4.1.1.tgz",
      "integrity": "sha1-hImxyw0p/4gZXM7KRI/21swpXDY="
    },
    "s-js": {
      "version": "0.4.9",
      "resolved": "https://registry.npmjs.org/s-js/-/s-js-0.4.9.tgz",
      "integrity": "sha512-RtpOm+cM6O0sHg6IA70wH+UC3FZcND+rccBZpBAHzlUgNO2Bm5BN+FnM8+OBxzXdwpKWFwX11JGF0MFRkhSoIQ==",
      "peer": true
    }
  }
}
